<?xml version="1.0" encoding="utf-8"?>
<Project ToolsVersion="4.0" xmlns="http://schemas.microsoft.com/developer/msbuild/2003">
  <ItemGroup>
    <ClCompile Include="..\..\Source\ViewManager.cpp">
      <Filter>Sources</Filter>
    </ClCompile>
    <ClCompile Include="..\..\Source\ModelClass.cpp">
      <Filter>Sources\Model</Filter>
    </ClCompile>
    <ClCompile Include="..\..\Source\main.cpp">
      <Filter>Sources</Filter>
    </ClCompile>
  </ItemGroup>
  <ItemGroup>
    <Filter Include="Shaders">
      <UniqueIdentifier>{e155002e-4644-4b13-86a7-8bb82be94344}</UniqueIdentifier>
    </Filter>
    <Filter Include="Headers">
      <UniqueIdentifier>{0a1ea687-581a-48e0-a756-59b1acb29361}</UniqueIdentifier>
    </Filter>
    <Filter Include="Sources">
      <UniqueIdentifier>{b78cbca8-c420-4b1c-8098-2b0094e19af2}</UniqueIdentifier>
    </Filter>
    <Filter Include="Sources\Model">
      <UniqueIdentifier>{7c6f6bb9-48bf-49ec-8c1d-801eb74055bf}</UniqueIdentifier>
    </Filter>
    <Filter Include="Headers\Model">
      <UniqueIdentifier>{76bcf134-32b8-412c-8ea4-f109a269940d}</UniqueIdentifier>
    </Filter>
  </ItemGroup>
  <ItemGroup>
    <ClInclude Include="..\..\Source\ModelClass.h">
      <Filter>Headers\Model</Filter>
    </ClInclude>
    <ClInclude Include="..\..\..\Shading\Include\Common.h">
      <Filter>Headers</Filter>
    </ClInclude>
    <ClInclude Include="..\..\..\Shading\Include\ViewManager.h">
      <Filter>Headers</Filter>
    </ClInclude>
  </ItemGroup>
  <ItemGroup>
    <None Include="..\..\Assets\Shaders\Flat.fs.glsl">
      <Filter>Shaders</Filter>
    </None>
    <None Include="..\..\Assets\Shaders\Flat.vs.glsl">
      <Filter>Shaders</Filter>
    </None>
  </ItemGroup>
</Project>